
Microsoft Visual Studio Solution File, Format Version 12.00
# Visual Studio Version 17
VisualStudioVersion = 17.5.33502.453
MinimumVisualStudioVersion = 10.0.40219.1
Project("{FAE04EC0-301F-11D3-BF4B-00C04F79EFBC}") = "Ordgaater", "Ordgaater\Ordgaater.csproj", "{3B9E753F-94E9-4C0F-8F48-0CD52992E4EE}"
EndProject
Global
	GlobalSection(SolutionConfigurationPlatforms) = preSolution
		Debug|Any CPU = Debug|Any CPU
		Release|Any CPU = Release|Any CPU
	EndGlobalSection
	GlobalSection(ProjectConfigurationPlatforms) = postSolution
		{3B9E753F-94E9-4C0F-8F48-0CD52992E4EE}.Debug|Any CPU.ActiveCfg = Debug|Any CPU
		{3B9E753F-94E9-4C0F-8F48-0CD52992E4EE}.Debug|Any CPU.Build.0 = Debug|Any CPU
		{3B9E753F-94E9-4C0F-8F48-0CD52992E4EE}.Release|Any CPU.ActiveCfg = Release|Any CPU
		{3B9E753F-94E9-4C0F-8F48-0CD52992E4EE}.Release|Any CPU.Build.0 = Release|Any CPU
	EndGlobalSection
	GlobalSection(SolutionProperties) = preSolution
		HideSolutionNode = FALSE
	EndGlobalSection
	GlobalSection(ExtensibilityGlobals) = postSolution
		SolutionGuid = {5BA9E1CC-090B-410B-B650-9A5E5AB77EE7}
	EndGlobalSection
EndGlobal
